// !$*UTF8*$!
{
	archiveVersion = 1;
	classes = {
	};
	objectVersion = 55;
	objects = {

/* Begin PBXBuildFile section */
		CE902B4C27EB253E00A6A546 /* AppDelegate.swift in Sources */ = {isa = PBXBuildFile; fileRef = CE902B4B27EB253E00A6A546 /* AppDelegate.swift */; };
		CE902B4E27EB253E00A6A546 /* SceneDelegate.swift in Sources */ = {isa = PBXBuildFile; fileRef = CE902B4D27EB253E00A6A546 /* SceneDelegate.swift */; };
		CE902B5027EB253E00A6A546 /* ViewController.swift in Sources */ = {isa = PBXBuildFile; fileRef = CE902B4F27EB253E00A6A546 /* ViewController.swift */; };
		CE902B5327EB253E00A6A546 /* Main.storyboard in Resources */ = {isa = PBXBuildFile; fileRef = CE902B5127EB253E00A6A546 /* Main.storyboard */; };
		CE902B5527EB254200A6A546 /* Assets.xcassets in Resources */ = {isa = PBXBuildFile; fileRef = CE902B5427EB254200A6A546 /* Assets.xcassets */; };
		CE902B5827EB254200A6A546 /* LaunchScreen.storyboard in Resources */ = {isa = PBXBuildFile; fileRef = CE902B5627EB254200A6A546 /* LaunchScreen.storyboard */; };
		CE902B6327EB254200A6A546 /* MobileAppChallengeTests.swift in Sources */ = {isa = PBXBuildFile; fileRef = CE902B6227EB254200A6A546 /* MobileAppChallengeTests.swift */; };
		CE902B6D27EB254200A6A546 /* MobileAppChallengeUITests.swift in Sources */ = {isa = PBXBuildFile; fileRef = CE902B6C27EB254200A6A546 /* MobileAppChallengeUITests.swift */; };
		CE902B6F27EB254200A6A546 /* MobileAppChallengeUITestsLaunchTests.swift in Sources */ = {isa = PBXBuildFile; fileRef = CE902B6E27EB254200A6A546 /* MobileAppChallengeUITestsLaunchTests.swift */; };
		CE902B7C27EB2CE000A6A546 /* CollectionViewCell.swift in Sources */ = {isa = PBXBuildFile; fileRef = CE902B7B27EB2CE000A6A546 /* CollectionViewCell.swift */; };
		CE902B7E27EB2D6100A6A546 /* Model.swift in Sources */ = {isa = PBXBuildFile; fileRef = CE902B7D27EB2D6100A6A546 /* Model.swift */; };
		CE902B8027EC07DC00A6A546 /* DetailMovieViewController.swift in Sources */ = {isa = PBXBuildFile; fileRef = CE902B7F27EC07DC00A6A546 /* DetailMovieViewController.swift */; };
/* End PBXBuildFile section */

/* Begin PBXContainerItemProxy section */
		CE902B5F27EB254200A6A546 /* PBXContainerItemProxy */ = {
			isa = PBXContainerItemProxy;
			containerPortal = CE902B4027EB253E00A6A546 /* Project object */;
			proxyType = 1;
			remoteGlobalIDString = CE902B4727EB253E00A6A546;
			remoteInfo = MobileAppChallenge;
		};
		CE902B6927EB254200A6A546 /* PBXContainerItemProxy */ = {
			isa = PBXContainerItemProxy;
			containerPortal = CE902B4027EB253E00A6A546 /* Project object */;
			proxyType = 1;
			remoteGlobalIDString = CE902B4727EB253E00A6A546;
			remoteInfo = MobileAppChallenge;
		};
/* End PBXContainerItemProxy section */

/* Begin PBXFileReference section */
		CE902B4827EB253E00A6A546 /* MobileAppChallenge.app */ = {isa = PBXFileReference; explicitFileType = wrapper.application; includeInIndex = 0; path = MobileAppChallenge.app; sourceTree = BUILT_PRODUCTS_DIR; };
		CE902B4B27EB253E00A6A546 /* AppDelegate.swift */ = {isa = PBXFileReference; lastKnownFileType = sourcecode.swift; path = AppDelegate.swift; sourceTree = "<group>"; };
		CE902B4D27EB253E00A6A546 /* SceneDelegate.swift */ = {isa = PBXFileReference; lastKnownFileType = sourcecode.swift; path = SceneDelegate.swift; sourceTree = "<group>"; };
		CE902B4F27EB253E00A6A546 /* ViewController.swift */ = {isa = PBXFileReference; lastKnownFileType = sourcecode.swift; path = ViewController.swift; sourceTree = "<group>"; };
		CE902B5227EB253E00A6A546 /* Base */ = {isa = PBXFileReference; lastKnownFileType = file.storyboard; name = Base; path = Base.lproj/Main.storyboard; sourceTree = "<group>"; };
		CE902B5427EB254200A6A546 /* Assets.xcassets */ = {isa = PBXFileReference; lastKnownFileType = folder.assetcatalog; path = Assets.xcassets; sourceTree = "<group>"; };
		CE902B5727EB254200A6A546 /* Base */ = {isa = PBXFileReference; lastKnownFileType = file.storyboard; name = Base; path = Base.lproj/LaunchScreen.storyboard; sourceTree = "<group>"; };
		CE902B5927EB254200A6A546 /* Info.plist */ = {isa = PBXFileReference; lastKnownFileType = text.plist.xml; path = Info.plist; sourceTree = "<group>"; };
		CE902B5E27EB254200A6A546 /* MobileAppChallengeTests.xctest */ = {isa = PBXFileReference; explicitFileType = wrapper.cfbundle; includeInIndex = 0; path = MobileAppChallengeTests.xctest; sourceTree = BUILT_PRODUCTS_DIR; };
		CE902B6227EB254200A6A546 /* MobileAppChallengeTests.swift */ = {isa = PBXFileReference; lastKnownFileType = sourcecode.swift; path = MobileAppChallengeTests.swift; sourceTree = "<group>"; };
		CE902B6827EB254200A6A546 /* MobileAppChallengeUITests.xctest */ = {isa = PBXFileReference; explicitFileType = wrapper.cfbundle; includeInIndex = 0; path = MobileAppChallengeUITests.xctest; sourceTree = BUILT_PRODUCTS_DIR; };
		CE902B6C27EB254200A6A546 /* MobileAppChallengeUITests.swift */ = {isa = PBXFileReference; lastKnownFileType = sourcecode.swift; path = MobileAppChallengeUITests.swift; sourceTree = "<group>"; };
		CE902B6E27EB254200A6A546 /* MobileAppChallengeUITestsLaunchTests.swift */ = {isa = PBXFileReference; lastKnownFileType = sourcecode.swift; path = MobileAppChallengeUITestsLaunchTests.swift; sourceTree = "<group>"; };
		CE902B7B27EB2CE000A6A546 /* CollectionViewCell.swift */ = {isa = PBXFileReference; lastKnownFileType = sourcecode.swift; path = CollectionViewCell.swift; sourceTree = "<group>"; };
		CE902B7D27EB2D6100A6A546 /* Model.swift */ = {isa = PBXFileReference; lastKnownFileType = sourcecode.swift; path = Model.swift; sourceTree = "<group>"; };
		CE902B7F27EC07DC00A6A546 /* DetailMovieViewController.swift */ = {isa = PBXFileReference; lastKnownFileType = sourcecode.swift; path = DetailMovieViewController.swift; sourceTree = "<group>"; };
/* End PBXFileReference section */

/* Begin PBXFrameworksBuildPhase section */
		CE902B4527EB253E00A6A546 /* Frameworks */ = {
			isa = PBXFrameworksBuildPhase;
			buildActionMask = 2147483647;
			files = (
			);
			runOnlyForDeploymentPostprocessing = 0;
		};
		CE902B5B27EB254200A6A546 /* Frameworks */ = {
			isa = PBXFrameworksBuildPhase;
			buildActionMask = 2147483647;
			files = (
			);
			runOnlyForDeploymentPostprocessing = 0;
		};
		CE902B6527EB254200A6A546 /* Frameworks */ = {
			isa = PBXFrameworksBuildPhase;
			buildActionMask = 2147483647;
			files = (
			);
			runOnlyForDeploymentPostprocessing = 0;
		};
/* End PBXFrameworksBuildPhase section */

/* Begin PBXGroup section */
		CE902B3F27EB253E00A6A546 = {
			isa = PBXGroup;
			children = (
				CE902B4A27EB253E00A6A546 /* MobileAppChallenge */,
				CE902B6127EB254200A6A546 /* MobileAppChallengeTests */,
				CE902B6B27EB254200A6A546 /* MobileAppChallengeUITests */,
				CE902B4927EB253E00A6A546 /* Products */,
			);
			sourceTree = "<group>";
		};
		CE902B4927EB253E00A6A546 /* Products */ = {
			isa = PBXGroup;
			children = (
				CE902B4827EB253E00A6A546 /* MobileAppChallenge.app */,
				CE902B5E27EB254200A6A546 /* MobileAppChallengeTests.xctest */,
				CE902B6827EB254200A6A546 /* MobileAppChallengeUITests.xctest */,
			);
			name = Products;
			sourceTree = "<group>";
		};
		CE902B4A27EB253E00A6A546 /* MobileAppChallenge */ = {
			isa = PBXGroup;
			children = (
				CE902B4B27EB253E00A6A546 /* AppDelegate.swift */,
				CE902B4D27EB253E00A6A546 /* SceneDelegate.swift */,
				CE902B7D27EB2D6100A6A546 /* Model.swift */,
				CE902B4F27EB253E00A6A546 /* ViewController.swift */,
				CE902B7F27EC07DC00A6A546 /* DetailMovieViewController.swift */,
				CE902B7B27EB2CE000A6A546 /* CollectionViewCell.swift */,
				CE902B5127EB253E00A6A546 /* Main.storyboard */,
				CE902B5427EB254200A6A546 /* Assets.xcassets */,
				CE902B5627EB254200A6A546 /* LaunchScreen.storyboard */,
				CE902B5927EB254200A6A546 /* Info.plist */,
			);
			path = MobileAppChallenge;
			sourceTree = "<group>";
		};
		CE902B6127EB254200A6A546 /* MobileAppChallengeTests */ = {
			isa = PBXGroup;
			children = (
				CE902B6227EB254200A6A546 /* MobileAppChallengeTests.swift */,
			);
			path = MobileAppChallengeTests;
			sourceTree = "<group>";
		};
		CE902B6B27EB254200A6A546 /* MobileAppChallengeUITests */ = {
			isa = PBXGroup;
			children = (
				CE902B6C27EB254200A6A546 /* MobileAppChallengeUITests.swift */,
				CE902B6E27EB254200A6A546 /* MobileAppChallengeUITestsLaunchTests.swift */,
			);
			path = MobileAppChallengeUITests;
			sourceTree = "<group>";
		};
/* End PBXGroup section */

/* Begin PBXNativeTarget section */
		CE902B4727EB253E00A6A546 /* MobileAppChallenge */ = {
			isa = PBXNativeTarget;
			buildConfigurationList = CE902B7227EB254200A6A546 /* Build configuration list for PBXNativeTarget "MobileAppChallenge" */;
			buildPhases = (
				CE902B4427EB253E00A6A546 /* Sources */,
				CE902B4527EB253E00A6A546 /* Frameworks */,
				CE902B4627EB253E00A6A546 /* Resources */,
			);
			buildRules = (
			);
			dependencies = (
			);
			name = MobileAppChallenge;
			productName = MobileAppChallenge;
			productReference = CE902B4827EB253E00A6A546 /* MobileAppChallenge.app */;
			productType = "com.apple.product-type.application";
		};
		CE902B5D27EB254200A6A546 /* MobileAppChallengeTests */ = {
			isa = PBXNativeTarget;
			buildConfigurationList = CE902B7527EB254200A6A546 /* Build configuration list for PBXNativeTarget "MobileAppChallengeTests" */;
			buildPhases = (
				CE902B5A27EB254200A6A546 /* Sources */,
				CE902B5B27EB254200A6A546 /* Frameworks */,
				CE902B5C27EB254200A6A546 /* Resources */,
			);
			buildRules = (
			);
			dependencies = (
				CE902B6027EB254200A6A546 /* PBXTargetDependency */,
			);
			name = MobileAppChallengeTests;
			productName = MobileAppChallengeTests;
			productReference = CE902B5E27EB254200A6A546 /* MobileAppChallengeTests.xctest */;
			productType = "com.apple.product-type.bundle.unit-test";
		};
		CE902B6727EB254200A6A546 /* MobileAppChallengeUITests */ = {
			isa = PBXNativeTarget;
			buildConfigurationList = CE902B7827EB254200A6A546 /* Build configuration list for PBXNativeTarget "MobileAppChallengeUITests" */;
			buildPhases = (
				CE902B6427EB254200A6A546 /* Sources */,
				CE902B6527EB254200A6A546 /* Frameworks */,
				CE902B6627EB254200A6A546 /* Resources */,
			);
			buildRules = (
			);
			dependencies = (
				CE902B6A27EB254200A6A546 /* PBXTargetDependency */,
			);
			name = MobileAppChallengeUITests;
			productName = MobileAppChallengeUITests;
			productReference = CE902B6827EB254200A6A546 /* MobileAppChallengeUITests.xctest */;
			productType = "com.apple.product-type.bundle.ui-testing";
		};
/* End PBXNativeTarget section */

/* Begin PBXProject section */
		CE902B4027EB253E00A6A546 /* Project object */ = {
			isa = PBXProject;
			attributes = {
				BuildIndependentTargetsInParallel = 1;
				LastSwiftUpdateCheck = 1330;
				LastUpgradeCheck = 1330;
				TargetAttributes = {
					CE902B4727EB253E00A6A546 = {
						CreatedOnToolsVersion = 13.3;
					};
					CE902B5D27EB254200A6A546 = {
						CreatedOnToolsVersion = 13.3;
						TestTargetID = CE902B4727EB253E00A6A546;
					};
					CE902B6727EB254200A6A546 = {
						CreatedOnToolsVersion = 13.3;
						TestTargetID = CE902B4727EB253E00A6A546;
					};
				};
			};
			buildConfigurationList = CE902B4327EB253E00A6A546 /* Build configuration list for PBXProject "MobileAppChallenge" */;
			compatibilityVersion = "Xcode 13.0";
			developmentRegion = en;
			hasScannedForEncodings = 0;
			knownRegions = (
				en,
				Base,
			);
			mainGroup = CE902B3F27EB253E00A6A546;
			productRefGroup = CE902B4927EB253E00A6A546 /* Products */;
			projectDirPath = "";
			projectRoot = "";
			targets = (
				CE902B4727EB253E00A6A546 /* MobileAppChallenge */,
				CE902B5D27EB254200A6A546 /* MobileAppChallengeTests */,
				CE902B6727EB254200A6A546 /* MobileAppChallengeUITests */,
			);
		};
/* End PBXProject section */

/* Begin PBXResourcesBuildPhase section */
		CE902B4627EB253E00A6A546 /* Resources */ = {
			isa = PBXResourcesBuildPhase;
			buildActionMask = 2147483647;
			files = (
				CE902B5827EB254200A6A546 /* LaunchScreen.storyboard in Resources */,
				CE902B5527EB254200A6A546 /* Assets.xcassets in Resources */,
				CE902B5327EB253E00A6A546 /* Main.storyboard in Resources */,
			);
			runOnlyForDeploymentPostprocessing = 0;
		};
		CE902B5C27EB254200A6A546 /* Resources */ = {
			isa = PBXResourcesBuildPhase;
			buildActionMask = 2147483647;
			files = (
			);
			runOnlyForDeploymentPostprocessing = 0;
		};
		CE902B6627EB254200A6A546 /* Resources */ = {
			isa = PBXResourcesBuildPhase;
			buildActionMask = 2147483647;
			files = (
			);
			runOnlyForDeploymentPostprocessing = 0;
		};
/* End PBXResourcesBuildPhase section */

/* Begin PBXSourcesBuildPhase section */
		CE902B4427EB253E00A6A546 /* Sources */ = {
			isa = PBXSourcesBuildPhase;
			buildActionMask = 2147483647;
			files = (
				CE902B7E27EB2D6100A6A546 /* Model.swift in Sources */,
				CE902B5027EB253E00A6A546 /* ViewController.swift in Sources */,
				CE902B4C27EB253E00A6A546 /* AppDelegate.swift in Sources */,
				CE902B7C27EB2CE000A6A546 /* CollectionViewCell.swift in Sources */,
				CE902B8027EC07DC00A6A546 /* DetailMovieViewController.swift in Sources */,
				CE902B4E27EB253E00A6A546 /* SceneDelegate.swift in Sources */,
			);
			runOnlyForDeploymentPostprocessing = 0;
		};
		CE902B5A27EB254200A6A546 /* Sources */ = {
			isa = PBXSourcesBuildPhase;
			buildActionMask = 2147483647;
			files = (
				CE902B6327EB254200A6A546 /* MobileAppChallengeTests.swift in Sources */,
			);
			runOnlyForDeploymentPostprocessing = 0;
		};
		CE902B6427EB254200A6A546 /* Sources */ = {
			isa = PBXSourcesBuildPhase;
			buildActionMask = 2147483647;
			files = (
				CE902B6F27EB254200A6A546 /* MobileAppChallengeUITestsLaunchTests.swift in Sources */,
				CE902B6D27EB254200A6A546 /* MobileAppChallengeUITests.swift in Sources */,
			);
			runOnlyForDeploymentPostprocessing = 0;
		};
/* End PBXSourcesBuildPhase section */

/* Begin PBXTargetDependency section */
		CE902B6027EB254200A6A546 /* PBXTargetDependency */ = {
			isa = PBXTargetDependency;
			target = CE902B4727EB253E00A6A546 /* MobileAppChallenge */;
			targetProxy = CE902B5F27EB254200A6A546 /* PBXContainerItemProxy */;
		};
		CE902B6A27EB254200A6A546 /* PBXTargetDependency */ = {
			isa = PBXTargetDependency;
			target = CE902B4727EB253E00A6A546 /* MobileAppChallenge */;
			targetProxy = CE902B6927EB254200A6A546 /* PBXContainerItemProxy */;
		};
/* End PBXTargetDependency section */

/* Begin PBXVariantGroup section */
		CE902B5127EB253E00A6A546 /* Main.storyboard */ = {
			isa = PBXVariantGroup;
			children = (
				CE902B5227EB253E00A6A546 /* Base */,
			);
			name = Main.storyboard;
			sourceTree = "<group>";
		};
		CE902B5627EB254200A6A546 /* LaunchScreen.storyboard */ = {
			isa = PBXVariantGroup;
			children = (
				CE902B5727EB254200A6A546 /* Base */,
			);
			name = LaunchScreen.storyboard;
			sourceTree = "<group>";
		};
/* End PBXVariantGroup section */

/* Begin XCBuildConfiguration section */
		CE902B7027EB254200A6A546 /* Debug */ = {
			isa = XCBuildConfiguration;
			buildSettings = {
				ALWAYS_SEARCH_USER_PATHS = NO;
				CLANG_ANALYZER_NONNULL = YES;
				CLANG_ANALYZER_NUMBER_OBJECT_CONVERSION = YES_AGGRESSIVE;
				CLANG_CXX_LANGUAGE_STANDARD = "gnu++17";
				CLANG_ENABLE_MODULES = YES;
				CLANG_ENABLE_OBJC_ARC = YES;
				CLANG_ENABLE_OBJC_WEAK = YES;
				CLANG_WARN_BLOCK_CAPTURE_AUTORELEASING = YES;
				CLANG_WARN_BOOL_CONVERSION = YES;
				CLANG_WARN_COMMA = YES;
				CLANG_WARN_CONSTANT_CONVERSION = YES;
				CLANG_WARN_DEPRECATED_OBJC_IMPLEMENTATIONS = YES;
				CLANG_WARN_DIRECT_OBJC_ISA_USAGE = YES_ERROR;
				CLANG_WARN_DOCUMENTATION_COMMENTS = YES;
				CLANG_WARN_EMPTY_BODY = YES;
				CLANG_WARN_ENUM_CONVERSION = YES;
				CLANG_WARN_INFINITE_RECURSION = YES;
				CLANG_WARN_INT_CONVERSION = YES;
				CLANG_WARN_NON_LITERAL_NULL_CONVERSION = YES;
				CLANG_WARN_OBJC_IMPLICIT_RETAIN_SELF = YES;
				CLANG_WARN_OBJC_LITERAL_CONVERSION = YES;
				CLANG_WARN_OBJC_ROOT_CLASS = YES_ERROR;
				CLANG_WARN_QUOTED_INCLUDE_IN_FRAMEWORK_HEADER = YES;
				CLANG_WARN_RANGE_LOOP_ANALYSIS = YES;
				CLANG_WARN_STRICT_PROTOTYPES = YES;
				CLANG_WARN_SUSPICIOUS_MOVE = YES;
				CLANG_WARN_UNGUARDED_AVAILABILITY = YES_AGGRESSIVE;
				CLANG_WARN_UNREACHABLE_CODE = YES;
				CLANG_WARN__DUPLICATE_METHOD_MATCH = YES;
				COPY_PHASE_STRIP = NO;
				DEBUG_INFORMATION_FORMAT = dwarf;
				ENABLE_STRICT_OBJC_MSGSEND = YES;
				ENABLE_TESTABILITY = YES;
				GCC_C_LANGUAGE_STANDARD = gnu11;
				GCC_DYNAMIC_NO_PIC = NO;
				GCC_NO_COMMON_BLOCKS = YES;
				GCC_OPTIMIZATION_LEVEL = 0;
				GCC_PREPROCESSOR_DEFINITIONS = (
					"DEBUG=1",
					"$(inherited)",
				);
				GCC_WARN_64_TO_32_BIT_CONVERSION = YES;
				GCC_WARN_ABOUT_RETURN_TYPE = YES_ERROR;
				GCC_WARN_UNDECLARED_SELECTOR = YES;
				GCC_WARN_UNINITIALIZED_AUTOS = YES_AGGRESSIVE;
				GCC_WARN_UNUSED_FUNCTION = YES;
				GCC_WARN_UNUSED_VARIABLE = YES;
				IPHONEOS_DEPLOYMENT_TARGET = 15.4;
				MTL_ENABLE_DEBUG_INFO = INCLUDE_SOURCE;
				MTL_FAST_MATH = YES;
				ONLY_ACTIVE_ARCH = YES;
				SDKROOT = iphoneos;
				SWIFT_ACTIVE_COMPILATION_CONDITIONS = DEBUG;
				SWIFT_OPTIMIZATION_LEVEL = "-Onone";
			};
			name = Debug;
		};
		CE902B7127EB254200A6A546 /* Release */ = {
			isa = XCBuildConfiguration;
			buildSettings = {
				ALWAYS_SEARCH_USER_PATHS = NO;
				CLANG_ANALYZER_NONNULL = YES;
				CLANG_ANALYZER_NUMBER_OBJECT_CONVERSION = YES_AGGRESSIVE;
				CLANG_CXX_LANGUAGE_STANDARD = "gnu++17";
				CLANG_ENABLE_MODULES = YES;
				CLANG_ENABLE_OBJC_ARC = YES;
				CLANG_ENABLE_OBJC_WEAK = YES;
				CLANG_WARN_BLOCK_CAPTURE_AUTORELEASING = YES;
				CLANG_WARN_BOOL_CONVERSION = YES;
				CLANG_WARN_COMMA = YES;
				CLANG_WARN_CONSTANT_CONVERSION = YES;
				CLANG_WARN_DEPRECATED_OBJC_IMPLEMENTATIONS = YES;
				CLANG_WARN_DIRECT_OBJC_ISA_USAGE = YES_ERROR;
				CLANG_WARN_DOCUMENTATION_COMMENTS = YES;
				CLANG_WARN_EMPTY_BODY = YES;
				CLANG_WARN_ENUM_CONVERSION = YES;
				CLANG_WARN_INFINITE_RECURSION = YES;
				CLANG_WARN_INT_CONVERSION = YES;
				CLANG_WARN_NON_LITERAL_NULL_CONVERSION = YES;
				CLANG_WARN_OBJC_IMPLICIT_RETAIN_SELF = YES;
				CLANG_WARN_OBJC_LITERAL_CONVERSION = YES;
				CLANG_WARN_OBJC_ROOT_CLASS = YES_ERROR;
				CLANG_WARN_QUOTED_INCLUDE_IN_FRAMEWORK_HEADER = YES;
				CLANG_WARN_RANGE_LOOP_ANALYSIS = YES;
				CLANG_WARN_STRICT_PROTOTYPES = YES;
				CLANG_WARN_SUSPICIOUS_MOVE = YES;
				CLANG_WARN_UNGUARDED_AVAILABILITY = YES_AGGRESSIVE;
				CLANG_WARN_UNREACHABLE_CODE = YES;
				CLANG_WARN__DUPLICATE_METHOD_MATCH = YES;
				COPY_PHASE_STRIP = NO;
				DEBUG_INFORMATION_FORMAT = "dwarf-with-dsym";
				ENABLE_NS_ASSERTIONS = NO;
				ENABLE_STRICT_OBJC_MSGSEND = YES;
				GCC_C_LANGUAGE_STANDARD = gnu11;
				GCC_NO_COMMON_BLOCKS = YES;
				GCC_WARN_64_TO_32_BIT_CONVERSION = YES;
				GCC_WARN_ABOUT_RETURN_TYPE = YES_ERROR;
				GCC_WARN_UNDECLARED_SELECTOR = YES;
				GCC_WARN_UNINITIALIZED_AUTOS = YES_AGGRESSIVE;
				GCC_WARN_UNUSED_FUNCTION = YES;
				GCC_WARN_UNUSED_VARIABLE = YES;
				IPHONEOS_DEPLOYMENT_TARGET = 15.4;
				MTL_ENABLE_DEBUG_INFO = NO;
				MTL_FAST_MATH = YES;
				SDKROOT = iphoneos;
				SWIFT_COMPILATION_MODE = wholemodule;
				SWIFT_OPTIMIZATION_LEVEL = "-O";
				VALIDATE_PRODUCT = YES;
			};
			name = Release;
		};
		CE902B7327EB254200A6A546 /* Debug */ = {
			isa = XCBuildConfiguration;
			buildSettings = {
				ASSETCATALOG_COMPILER_APPICON_NAME = AppIcon;
				ASSETCATALOG_COMPILER_GLOBAL_ACCENT_COLOR_NAME = AccentColor;
				CODE_SIGN_STYLE = Automatic;
				CURRENT_PROJECT_VERSION = 1;
				DEVELOPMENT_TEAM = CR2VUWWTB9;
				GENERATE_INFOPLIST_FILE = YES;
				INFOPLIST_FILE = MobileAppChallenge/Info.plist;
				INFOPLIST_KEY_UIApplicationSupportsIndirectInputEvents = YES;
				INFOPLIST_KEY_UILaunchStoryboardName = LaunchScreen;
				INFOPLIST_KEY_UIMainStoryboardFile = Main;
				INFOPLIST_KEY_UISupportedInterfaceOrientations_iPad = "UIInterfaceOrientationPortrait UIInterfaceOrientationPortraitUpsideDown UIInterfaceOrientationLandscapeLeft UIInterfaceOrientationLandscapeRight";
				INFOPLIST_KEY_UISupportedInterfaceOrientations_iPhone = "UIInterfaceOrientationPortrait UIInterfaceOrientationLandscapeLeft UIInterfaceOrientationLandscapeRight";
				IPHONEOS_DEPLOYMENT_TARGET = 15.2;
				LD_RUNPATH_SEARCH_PATHS = (
					"$(inherited)",
					"@executable_path/Frameworks",
				);
				MARKETING_VERSION = 1.0;
				PRODUCT_BUNDLE_IDENTIFIER = sapan.MobileAppChallenge;
				PRODUCT_NAME = "$(TARGET_NAME)";
				SWIFT_EMIT_LOC_STRINGS = YES;
				SWIFT_VERSION = 5.0;
				TARGETED_DEVICE_FAMILY = 1;
			};
			name = Debug;
		};
		CE902B7427EB254200A6A546 /* Release */ = {
			isa = XCBuildConfiguration;
			buildSettings = {
				ASSETCATALOG_COMPILER_APPICON_NAME = AppIcon;
				ASSETCATALOG_COMPILER_GLOBAL_ACCENT_COLOR_NAME = AccentColor;
				CODE_SIGN_STYLE = Automatic;
				CURRENT_PROJECT_VERSION = 1;
				DEVELOPMENT_TEAM = CR2VUWWTB9;
				GENERATE_INFOPLIST_FILE = YES;
				INFOPLIST_FILE = MobileAppChallenge/Info.plist;
				INFOPLIST_KEY_UIApplicationSupportsIndirectInputEvents = YES;
				INFOPLIST_KEY_UILaunchStoryboardName = LaunchScreen;
				INFOPLIST_KEY_UIMainStoryboardFile = Main;
				INFOPLIST_KEY_UISupportedInterfaceOrientations_iPad = "UIInterfaceOrientationPortrait UIInterfaceOrientationPortraitUpsideDown UIInterfaceOrientationLandscapeLeft UIInterfaceOrientationLandscapeRight";
				INFOPLIST_KEY_UISupportedInterfaceOrientations_iPhone = "UIInterfaceOrientationPortrait UIInterfaceOrientationLandscapeLeft UIInterfaceOrientationLandscapeRight";
				IPHONEOS_DEPLOYMENT_TARGET = 15.2;
				LD_RUNPATH_SEARCH_PATHS = (
					"$(inherited)",
					"@executable_path/Frameworks",
				);
				MARKETING_VERSION = 1.0;
				PRODUCT_BUNDLE_IDENTIFIER = sapan.MobileAppChallenge;
				PRODUCT_NAME = "$(TARGET_NAME)";
				SWIFT_EMIT_LOC_STRINGS = YES;
				SWIFT_VERSION = 5.0;
				TARGETED_DEVICE_FAMILY = 1;
			};
			name = Release;
		};
		CE902B7627EB254200A6A546 /* Debug */ = {
			isa = XCBuildConfiguration;
			buildSettings = {
				ALWAYS_EMBED_SWIFT_STANDARD_LIBRARIES = YES;
				BUNDLE_LOADER = "$(TEST_HOST)";
				CODE_SIGN_STYLE = Automatic;
				CURRENT_PROJECT_VERSION = 1;
				DEVELOPMENT_TEAM = CR2VUWWTB9;
				GENERATE_INFOPLIST_FILE = YES;
				IPHONEOS_DEPLOYMENT_TARGET = 15.4;
				MARKETING_VERSION = 1.0;
				PRODUCT_BUNDLE_IDENTIFIER = sapan.MobileAppChallengeTests;
				PRODUCT_NAME = "$(TARGET_NAME)";
				SWIFT_EMIT_LOC_STRINGS = NO;
				SWIFT_VERSION = 5.0;
				TARGETED_DEVICE_FAMILY = "1,2";
				TEST_HOST = "$(BUILT_PRODUCTS_DIR)/MobileAppChallenge.app/MobileAppChallenge";
			};
			name = Debug;
		};
		CE902B7727EB254200A6A546 /* Release */ = {
			isa = XCBuildConfiguration;
			buildSettings = {
				ALWAYS_EMBED_SWIFT_STANDARD_LIBRARIES = YES;
				BUNDLE_LOADER = "$(TEST_HOST)";
				CODE_SIGN_STYLE = Automatic;
				CURRENT_PROJECT_VERSION = 1;
				DEVELOPMENT_TEAM = CR2VUWWTB9;
				GENERATE_INFOPLIST_FILE = YES;
				IPHONEOS_DEPLOYMENT_TARGET = 15.4;
				MARKETING_VERSION = 1.0;
				PRODUCT_BUNDLE_IDENTIFIER = sapan.MobileAppChallengeTests;
				PRODUCT_NAME = "$(TARGET_NAME)";
				SWIFT_EMIT_LOC_STRINGS = NO;
				SWIFT_VERSION = 5.0;
				TARGETED_DEVICE_FAMILY = "1,2";
				TEST_HOST = "$(BUILT_PRODUCTS_DIR)/MobileAppChallenge.app/MobileAppChallenge";
			};
			name = Release;
		};
		CE902B7927EB254200A6A546 /* Debug */ = {
			isa = XCBuildConfiguration;
			buildSettings = {
				ALWAYS_EMBED_SWIFT_STANDARD_LIBRARIES = YES;
				CODE_SIGN_STYLE = Automatic;
				CURRENT_PROJECT_VERSION = 1;
				DEVELOPMENT_TEAM = CR2VUWWTB9;
				GENERATE_INFOPLIST_FILE = YES;
				MARKETING_VERSION = 1.0;
				PRODUCT_BUNDLE_IDENTIFIER = sapan.MobileAppChallengeUITests;
				PRODUCT_NAME = "$(TARGET_NAME)";
				SWIFT_EMIT_LOC_STRINGS = NO;
				SWIFT_VERSION = 5.0;
				TARGETED_DEVICE_FAMILY = "1,2";
				TEST_TARGET_NAME = MobileAppChallenge;
			};
			name = Debug;
		};
		CE902B7A27EB254200A6A546 /* Release */ = {
			isa = XCBuildConfiguration;
			buildSettings = {
				ALWAYS_EMBED_SWIFT_STANDARD_LIBRARIES = YES;
				CODE_SIGN_STYLE = Automatic;
				CURRENT_PROJECT_VERSION = 1;
				DEVELOPMENT_TEAM = CR2VUWWTB9;
				GENERATE_INFOPLIST_FILE = YES;
				MARKETING_VERSION = 1.0;
				PRODUCT_BUNDLE_IDENTIFIER = sapan.MobileAppChallengeUITests;
				PRODUCT_NAME = "$(TARGET_NAME)";
				SWIFT_EMIT_LOC_STRINGS = NO;
				SWIFT_VERSION = 5.0;
				TARGETED_DEVICE_FAMILY = "1,2";
				TEST_TARGET_NAME = MobileAppChallenge;
			};
			name = Release;
		};
/* End XCBuildConfiguration section */

/* Begin XCConfigurationList section */
		CE902B4327EB253E00A6A546 /* Build configuration list for PBXProject "MobileAppChallenge" */ = {
			isa = XCConfigurationList;
			buildConfigurations = (
				CE902B7027EB254200A6A546 /* Debug */,
				CE902B7127EB254200A6A546 /* Release */,
			);
			defaultConfigurationIsVisible = 0;
			defaultConfigurationName = Release;
		};
		CE902B7227EB254200A6A546 /* Build configuration list for PBXNativeTarget "MobileAppChallenge" */ = {
			isa = XCConfigurationList;
			buildConfigurations = (
				CE902B7327EB254200A6A546 /* Debug */,
				CE902B7427EB254200A6A546 /* Release */,
			);
			defaultConfigurationIsVisible = 0;
			defaultConfigurationName = Release;
		};
		CE902B7527EB254200A6A546 /* Build configuration list for PBXNativeTarget "MobileAppChallengeTests" */ = {
			isa = XCConfigurationList;
			buildConfigurations = (
				CE902B7627EB254200A6A546 /* Debug */,
				CE902B7727EB254200A6A546 /* Release */,
			);
			defaultConfigurationIsVisible = 0;
			defaultConfigurationName = Release;
		};
		CE902B7827EB254200A6A546 /* Build configuration list for PBXNativeTarget "MobileAppChallengeUITests" */ = {
			isa = XCConfigurationList;
			buildConfigurations = (
				CE902B7927EB254200A6A546 /* Debug */,
				CE902B7A27EB254200A6A546 /* Release */,
			);
			defaultConfigurationIsVisible = 0;
			defaultConfigurationName = Release;
		};
/* End XCConfigurationList section */
	};
	rootObject = CE902B4027EB253E00A6A546 /* Project object */;
}
